
Microsoft Visual Studio Solution File, Format Version 12.00
# Visual Studio Version 17
VisualStudioVersion = 17.0.31912.275
MinimumVisualStudioVersion = 10.0.40219.1
Project("{9A19103F-16F7-4668-BE54-9A1E7A4F7556}") = "OfflineSpotifyPlaylistTracker", "OfflineSpotifyPlaylistTracker\OfflineSpotifyPlaylistTracker.csproj", "{DC2661BF-B30C-4979-B8B1-50DB8B87A4EB}"
EndProject
Project("{9A19103F-16F7-4668-BE54-9A1E7A4F7556}") = "OfflineSpotifyPlaylistTracker.Domain", "OfflineSpotifyPlaylistTracker.Domain\OfflineSpotifyPlaylistTracker.Domain.csproj", "{3C9A7C0F-ECC3-4619-A577-11FC3A912BE1}"
EndProject
Project("{FAE04EC0-301F-11D3-BF4B-00C04F79EFBC}") = "OfflineSpotifyPlaylistTracker.API", "OfflineSpotifyPlaylistTracker.API\OfflineSpotifyPlaylistTracker.API.csproj", "{DCFC8C76-ADF4-4F8F-9651-E537A912D575}"
	ProjectSection(ProjectDependencies) = postProject
		{DC2661BF-B30C-4979-B8B1-50DB8B87A4EB} = {DC2661BF-B30C-4979-B8B1-50DB8B87A4EB}
	EndProjectSection
EndProject
Global
	GlobalSection(SolutionConfigurationPlatforms) = preSolution
		Debug|Any CPU = Debug|Any CPU
		Release|Any CPU = Release|Any CPU
	EndGlobalSection
	GlobalSection(ProjectConfigurationPlatforms) = postSolution
		{DC2661BF-B30C-4979-B8B1-50DB8B87A4EB}.Debug|Any CPU.ActiveCfg = Debug|Any CPU
		{DC2661BF-B30C-4979-B8B1-50DB8B87A4EB}.Debug|Any CPU.Build.0 = Debug|Any CPU
		{DC2661BF-B30C-4979-B8B1-50DB8B87A4EB}.Release|Any CPU.ActiveCfg = Release|Any CPU
		{DC2661BF-B30C-4979-B8B1-50DB8B87A4EB}.Release|Any CPU.Build.0 = Release|Any CPU
		{3C9A7C0F-ECC3-4619-A577-11FC3A912BE1}.Debug|Any CPU.ActiveCfg = Debug|Any CPU
		{3C9A7C0F-ECC3-4619-A577-11FC3A912BE1}.Debug|Any CPU.Build.0 = Debug|Any CPU
		{3C9A7C0F-ECC3-4619-A577-11FC3A912BE1}.Release|Any CPU.ActiveCfg = Release|Any CPU
		{3C9A7C0F-ECC3-4619-A577-11FC3A912BE1}.Release|Any CPU.Build.0 = Release|Any CPU
		{DCFC8C76-ADF4-4F8F-9651-E537A912D575}.Debug|Any CPU.ActiveCfg = Debug|Any CPU
		{DCFC8C76-ADF4-4F8F-9651-E537A912D575}.Debug|Any CPU.Build.0 = Debug|Any CPU
		{DCFC8C76-ADF4-4F8F-9651-E537A912D575}.Release|Any CPU.ActiveCfg = Release|Any CPU
		{DCFC8C76-ADF4-4F8F-9651-E537A912D575}.Release|Any CPU.Build.0 = Release|Any CPU
	EndGlobalSection
	GlobalSection(SolutionProperties) = preSolution
		HideSolutionNode = FALSE
	EndGlobalSection
	GlobalSection(ExtensibilityGlobals) = postSolution
		SolutionGuid = {F3A80000-C345-49B7-92A1-62D1C95875C6}
	EndGlobalSection
EndGlobal
